
Microsoft Visual Studio Solution File, Format Version 12.00
# Visual Studio 14
VisualStudioVersion = 14.0.24720.0
MinimumVisualStudioVersion = 10.0.40219.1
Project("{E24C65DC-7377-472B-9ABA-BC803B73C61A}") = "Hexagons_rebooted", ".", "{2406FE45-E691-42F2-B1FD-D2348AFE774A}"
	ProjectSection(WebsiteProperties) = preProject
		TargetFrameworkMoniker = ".NETFramework,Version%3Dv4.5.2"
		Debug.AspNetCompiler.VirtualPath = "/localhost_51328"
		Debug.AspNetCompiler.PhysicalPath = "..\Hexagons_rebooted\"
		Debug.AspNetCompiler.TargetPath = "PrecompiledWeb\localhost_51328\"
		Debug.AspNetCompiler.Updateable = "true"
		Debug.AspNetCompiler.ForceOverwrite = "true"
		Debug.AspNetCompiler.FixedNames = "false"
		Debug.AspNetCompiler.Debug = "True"
		Release.AspNetCompiler.VirtualPath = "/localhost_51328"
		Release.AspNetCompiler.PhysicalPath = "..\Hexagons_rebooted\"
		Release.AspNetCompiler.TargetPath = "PrecompiledWeb\localhost_51328\"
		Release.AspNetCompiler.Updateable = "true"
		Release.AspNetCompiler.ForceOverwrite = "true"
		Release.AspNetCompiler.FixedNames = "false"
		Release.AspNetCompiler.Debug = "False"
		VWDPort = "51328"
		SlnRelativePath = "..\Hexagons_rebooted\"
	EndProjectSection
EndProject
Global
	GlobalSection(SolutionConfigurationPlatforms) = preSolution
		Debug|Any CPU = Debug|Any CPU
	EndGlobalSection
	GlobalSection(ProjectConfigurationPlatforms) = postSolution
		{2406FE45-E691-42F2-B1FD-D2348AFE774A}.Debug|Any CPU.ActiveCfg = Debug|Any CPU
		{2406FE45-E691-42F2-B1FD-D2348AFE774A}.Debug|Any CPU.Build.0 = Debug|Any CPU
	EndGlobalSection
	GlobalSection(SolutionProperties) = preSolution
		HideSolutionNode = FALSE
	EndGlobalSection
EndGlobal
